
Microsoft Visual Studio Solution File, Format Version 12.00
# Visual Studio 15
VisualStudioVersion = 15.0.27130.2020
MinimumVisualStudioVersion = 10.0.40219.1
Project("{FAE04EC0-301F-11D3-BF4B-00C04F79EFBC}") = "Software Discount", "Software Discount\Software Discount.csproj", "{CCD6A37D-6026-4E4E-B5EE-C10AF18E0AC5}"
EndProject
Global
	GlobalSection(SolutionConfigurationPlatforms) = preSolution
		Debug|Any CPU = Debug|Any CPU
		Release|Any CPU = Release|Any CPU
	EndGlobalSection
	GlobalSection(ProjectConfigurationPlatforms) = postSolution
		{CCD6A37D-6026-4E4E-B5EE-C10AF18E0AC5}.Debug|Any CPU.ActiveCfg = Debug|Any CPU
		{CCD6A37D-6026-4E4E-B5EE-C10AF18E0AC5}.Debug|Any CPU.Build.0 = Debug|Any CPU
		{CCD6A37D-6026-4E4E-B5EE-C10AF18E0AC5}.Release|Any CPU.ActiveCfg = Release|Any CPU
		{CCD6A37D-6026-4E4E-B5EE-C10AF18E0AC5}.Release|Any CPU.Build.0 = Release|Any CPU
	EndGlobalSection
	GlobalSection(SolutionProperties) = preSolution
		HideSolutionNode = FALSE
	EndGlobalSection
	GlobalSection(ExtensibilityGlobals) = postSolution
		SolutionGuid = {BB96BFAF-6636-4E81-9D0A-E2B5B62ACA2D}
	EndGlobalSection
EndGlobal
