
Microsoft Visual Studio Solution File, Format Version 12.00
# Visual Studio 15
VisualStudioVersion = 15.0.27130.2026
MinimumVisualStudioVersion = 10.0.40219.1
Project("{FAE04EC0-301F-11D3-BF4B-00C04F79EFBC}") = "Organism_Growth_Rate", "PopulationGrowth\Organism_Growth_Rate.csproj", "{2B015358-59E2-4C99-8DCF-D8E9FA9B9F5E}"
EndProject
Global
	GlobalSection(SolutionConfigurationPlatforms) = preSolution
		Debug|Any CPU = Debug|Any CPU
		Release|Any CPU = Release|Any CPU
	EndGlobalSection
	GlobalSection(ProjectConfigurationPlatforms) = postSolution
		{2B015358-59E2-4C99-8DCF-D8E9FA9B9F5E}.Debug|Any CPU.ActiveCfg = Debug|Any CPU
		{2B015358-59E2-4C99-8DCF-D8E9FA9B9F5E}.Debug|Any CPU.Build.0 = Debug|Any CPU
		{2B015358-59E2-4C99-8DCF-D8E9FA9B9F5E}.Release|Any CPU.ActiveCfg = Release|Any CPU
		{2B015358-59E2-4C99-8DCF-D8E9FA9B9F5E}.Release|Any CPU.Build.0 = Release|Any CPU
	EndGlobalSection
	GlobalSection(SolutionProperties) = preSolution
		HideSolutionNode = FALSE
	EndGlobalSection
	GlobalSection(ExtensibilityGlobals) = postSolution
		SolutionGuid = {B9425A3C-ECFF-4FC8-99B3-7BF884DDD628}
	EndGlobalSection
EndGlobal
